
Microsoft Visual Studio Solution File, Format Version 12.00
# Visual Studio Version 16
VisualStudioVersion = 16.0.810.9
MinimumVisualStudioVersion = 10.0.40219.1
Project("{FAE04EC0-301F-11D3-BF4B-00C04F79EFBC}") = "RepitleCore", "RepitleCore\RepitleCore.csproj", "{F5D2F38E-E025-4D2F-A882-C917F7F082E8}"
EndProject
Project("{FAE04EC0-301F-11D3-BF4B-00C04F79EFBC}") = "RestitlePaser", "HttpPaser\RestitlePaser.csproj", "{1617B511-6E2F-4625-9F95-BE6C5ED023CD}"
EndProject
Project("{FAE04EC0-301F-11D3-BF4B-00C04F79EFBC}") = "Example", "Example\Example.csproj", "{0842E0B6-E455-47E1-B4B6-5635FF1DF837}"
EndProject
Global
	GlobalSection(SolutionConfigurationPlatforms) = preSolution
		Debug|Any CPU = Debug|Any CPU
		Release|Any CPU = Release|Any CPU
	EndGlobalSection
	GlobalSection(ProjectConfigurationPlatforms) = postSolution
		{F5D2F38E-E025-4D2F-A882-C917F7F082E8}.Debug|Any CPU.ActiveCfg = Debug|Any CPU
		{F5D2F38E-E025-4D2F-A882-C917F7F082E8}.Debug|Any CPU.Build.0 = Debug|Any CPU
		{F5D2F38E-E025-4D2F-A882-C917F7F082E8}.Release|Any CPU.ActiveCfg = Release|Any CPU
		{F5D2F38E-E025-4D2F-A882-C917F7F082E8}.Release|Any CPU.Build.0 = Release|Any CPU
		{1617B511-6E2F-4625-9F95-BE6C5ED023CD}.Debug|Any CPU.ActiveCfg = Debug|Any CPU
		{1617B511-6E2F-4625-9F95-BE6C5ED023CD}.Debug|Any CPU.Build.0 = Debug|Any CPU
		{1617B511-6E2F-4625-9F95-BE6C5ED023CD}.Release|Any CPU.ActiveCfg = Release|Any CPU
		{1617B511-6E2F-4625-9F95-BE6C5ED023CD}.Release|Any CPU.Build.0 = Release|Any CPU
		{0842E0B6-E455-47E1-B4B6-5635FF1DF837}.Debug|Any CPU.ActiveCfg = Debug|Any CPU
		{0842E0B6-E455-47E1-B4B6-5635FF1DF837}.Debug|Any CPU.Build.0 = Debug|Any CPU
		{0842E0B6-E455-47E1-B4B6-5635FF1DF837}.Release|Any CPU.ActiveCfg = Release|Any CPU
		{0842E0B6-E455-47E1-B4B6-5635FF1DF837}.Release|Any CPU.Build.0 = Release|Any CPU
	EndGlobalSection
	GlobalSection(SolutionProperties) = preSolution
		HideSolutionNode = FALSE
	EndGlobalSection
	GlobalSection(ExtensibilityGlobals) = postSolution
		SolutionGuid = {B53467AD-3345-4C28-AF55-61D70A2E9233}
	EndGlobalSection
EndGlobal
